
Microsoft Visual Studio Solution File, Format Version 12.00
# Visual Studio Version 17
VisualStudioVersion = 17.4.33205.214
MinimumVisualStudioVersion = 10.0.40219.1
Project("{FAE04EC0-301F-11D3-BF4B-00C04F79EFBC}") = "MesajlasmaUygulamasi", "MesajlasmaUygulamasi\MesajlasmaUygulamasi.csproj", "{ED3C3725-CBAA-48B8-B5D1-960A4A442339}"
EndProject
Global
	GlobalSection(SolutionConfigurationPlatforms) = preSolution
		Debug|Any CPU = Debug|Any CPU
		Release|Any CPU = Release|Any CPU
	EndGlobalSection
	GlobalSection(ProjectConfigurationPlatforms) = postSolution
		{ED3C3725-CBAA-48B8-B5D1-960A4A442339}.Debug|Any CPU.ActiveCfg = Debug|Any CPU
		{ED3C3725-CBAA-48B8-B5D1-960A4A442339}.Debug|Any CPU.Build.0 = Debug|Any CPU
		{ED3C3725-CBAA-48B8-B5D1-960A4A442339}.Release|Any CPU.ActiveCfg = Release|Any CPU
		{ED3C3725-CBAA-48B8-B5D1-960A4A442339}.Release|Any CPU.Build.0 = Release|Any CPU
	EndGlobalSection
	GlobalSection(SolutionProperties) = preSolution
		HideSolutionNode = FALSE
	EndGlobalSection
	GlobalSection(ExtensibilityGlobals) = postSolution
		SolutionGuid = {A288C460-9626-47F4-8821-81F4095ADCD7}
	EndGlobalSection
EndGlobal
